
Microsoft Visual Studio Solution File, Format Version 12.00
# Visual Studio Version 16
VisualStudioVersion = 16.0.29403.142
MinimumVisualStudioVersion = 10.0.40219.1
Project("{FAE04EC0-301F-11D3-BF4B-00C04F79EFBC}") = "MyBot", "MyBot\MyBot.csproj", "{91EF2F00-5979-436C-B869-3F19D818E4BD}"
EndProject
Global
	GlobalSection(SolutionConfigurationPlatforms) = preSolution
		Debug|Any CPU = Debug|Any CPU
		Release|Any CPU = Release|Any CPU
	EndGlobalSection
	GlobalSection(ProjectConfigurationPlatforms) = postSolution
		{91EF2F00-5979-436C-B869-3F19D818E4BD}.Debug|Any CPU.ActiveCfg = Debug|Any CPU
		{91EF2F00-5979-436C-B869-3F19D818E4BD}.Debug|Any CPU.Build.0 = Debug|Any CPU
		{91EF2F00-5979-436C-B869-3F19D818E4BD}.Release|Any CPU.ActiveCfg = Release|Any CPU
		{91EF2F00-5979-436C-B869-3F19D818E4BD}.Release|Any CPU.Build.0 = Release|Any CPU
	EndGlobalSection
	GlobalSection(SolutionProperties) = preSolution
		HideSolutionNode = FALSE
	EndGlobalSection
	GlobalSection(ExtensibilityGlobals) = postSolution
		SolutionGuid = {25881086-F6D0-46F6-96F9-E01413FFA4BB}
	EndGlobalSection
EndGlobal
